{
    "version": 3,
    "terraform_version": "0.11.10",
    "serial": 3,
    "lineage": "99915407-06ab-0cbb-393a-71a1844a5e22",
    "modules": [
        {
            "path": [
                "root"
            ],
            "outputs": {},
            "resources": {
                "bigip_ltm_monitor.intranet": {
                    "type": "bigip_ltm_monitor",
                    "depends_on": [],
                    "primary": {
                        "id": "/Common/http_monitor_80",
                        "attributes": {
                            "defaults_from": "",
                            "destination": "*:80",
                            "id": "/Common/http_monitor_80",
                            "interval": "15",
                            "ip_dscp": "0",
                            "manual_resume": "disabled",
                            "name": "/Common/http_monitor_80",
                            "parent": "/Common/http",
                            "receive": "",
                            "receive_disable": "",
                            "reverse": "disabled",
                            "send": "GET /status.html\\r\\n",
                            "time_until_up": "0",
                            "timeout": "46",
                            "transparent": "disabled"
                        },
                        "meta": {},
                        "tainted": false
                    },
                    "deposed": [],
                    "provider": "provider.bigip"
                },
                "bigip_ltm_node.intra1": {
                    "type": "bigip_ltm_node",
                    "depends_on": [],
                    "primary": {
                        "id": "/Common/intra1",
                        "attributes": {
                            "address": "10.32.10.64",
                            "connection_limit": "0",
                            "dynamic_ratio": "1",
                            "id": "/Common/intra1",
                            "monitor": "default",
                            "name": "/Common/intra1",
                            "rate_limit": "disabled",
                            "state": "user-up"
                        },
                        "meta": {},
                        "tainted": false
                    },
                    "deposed": [],
                    "provider": "provider.bigip"
                },
                "bigip_ltm_node.intra2": {
                    "type": "bigip_ltm_node",
                    "depends_on": [],
                    "primary": {
                        "id": "/Common/intra2",
                        "attributes": {
                            "address": "10.32.10.65",
                            "connection_limit": "0",
                            "dynamic_ratio": "1",
                            "id": "/Common/intra2",
                            "monitor": "default",
                            "name": "/Common/intra2",
                            "rate_limit": "disabled",
                            "state": "user-up"
                        },
                        "meta": {},
                        "tainted": false
                    },
                    "deposed": [],
                    "provider": "provider.bigip"
                },
                "bigip_ltm_node.intra3": {
                    "type": "bigip_ltm_node",
                    "depends_on": [],
                    "primary": {
                        "id": "/Common/intra3",
                        "attributes": {
                            "address": "10.32.10.66",
                            "connection_limit": "0",
                            "dynamic_ratio": "1",
                            "id": "/Common/intra3",
                            "monitor": "default",
                            "name": "/Common/intra3",
                            "rate_limit": "disabled",
                            "state": "user-up"
                        },
                        "meta": {},
                        "tainted": false
                    },
                    "deposed": [],
                    "provider": "provider.bigip"
                },
                "bigip_ltm_pool.intraPool": {
                    "type": "bigip_ltm_pool",
                    "depends_on": [],
                    "primary": {
                        "id": "/Common/intraPool",
                        "attributes": {
                            "allow_nat": "yes",
                            "allow_snat": "yes",
                            "id": "/Common/intraPool",
                            "load_balancing_mode": "round-robin",
                            "monitors.#": "1",
                            "monitors.249948722": "/Common/http_monitor_80",
                            "name": "/Common/intraPool",
                            "reselect_tries": "0",
                            "service_down_action": "none",
                            "slow_ramp_time": "10"
                        },
                        "meta": {},
                        "tainted": false
                    },
                    "deposed": [],
                    "provider": "provider.bigip"
                },
                "bigip_ltm_pool_attachment.intra1": {
                    "type": "bigip_ltm_pool_attachment",
                    "depends_on": [
                        "bigip_ltm_pool.intraPool"
                    ],
                    "primary": {
                        "id": "/Common/intraPool-/Common/intra1:80",
                        "attributes": {
                            "id": "/Common/intraPool-/Common/intra1:80",
                            "node": "/Common/intra1:80",
                            "pool": "/Common/intraPool"
                        },
                        "meta": {},
                        "tainted": false
                    },
                    "deposed": [],
                    "provider": "provider.bigip"
                },
                "bigip_ltm_pool_attachment.intra2": {
                    "type": "bigip_ltm_pool_attachment",
                    "depends_on": [
                        "bigip_ltm_pool.intraPool"
                    ],
                    "primary": {
                        "id": "/Common/intraPool-/Common/intra2:80",
                        "attributes": {
                            "id": "/Common/intraPool-/Common/intra2:80",
                            "node": "/Common/intra2:80",
                            "pool": "/Common/intraPool"
                        },
                        "meta": {},
                        "tainted": false
                    },
                    "deposed": [],
                    "provider": "provider.bigip"
                },
                "bigip_ltm_pool_attachment.intra3": {
                    "type": "bigip_ltm_pool_attachment",
                    "depends_on": [
                        "bigip_ltm_pool.intraPool"
                    ],
                    "primary": {
                        "id": "/Common/intraPool-/Common/intra3:80",
                        "attributes": {
                            "id": "/Common/intraPool-/Common/intra3:80",
                            "node": "/Common/intra3:80",
                            "pool": "/Common/intraPool"
                        },
                        "meta": {},
                        "tainted": false
                    },
                    "deposed": [],
                    "provider": "provider.bigip"
                },
                "bigip_ltm_virtual_server.http": {
                    "type": "bigip_ltm_virtual_server",
                    "depends_on": [
                        "bigip_ltm_pool.intraPool"
                    ],
                    "primary": {
                        "id": "/Common/intranet_http",
                        "attributes": {
                            "client_profiles.#": "0",
                            "destination": "10.33.7.23",
                            "fallback_persistence_profile": "",
                            "id": "/Common/intranet_http",
                            "ip_protocol": "tcp",
                            "irules.#": "0",
                            "mask": "255.255.255.255",
                            "name": "/Common/intranet_http",
                            "persistence_profiles.#": "0",
                            "policies.#": "0",
                            "pool": "/Common/intraPool",
                            "port": "80",
                            "profiles.#": "2",
                            "profiles.1139270267": "/Common/tcp",
                            "profiles.576276785": "/Common/http",
                            "server_profiles.#": "0",
                            "snatpool": "",
                            "source": "0.0.0.0/0",
                            "source_address_translation": "automap",
                            "translate_address": "enabled",
                            "translate_port": "enabled",
                            "vlans.#": "0",
                            "vlans_enabled": "false"
                        },
                        "meta": {},
                        "tainted": false
                    },
                    "deposed": [],
                    "provider": "provider.bigip"
                },
                "bigip_ltm_virtual_server.https": {
                    "type": "bigip_ltm_virtual_server",
                    "depends_on": [
                        "bigip_ltm_pool.intraPool"
                    ],
                    "primary": {
                        "id": "/Common/intranet_https",
                        "attributes": {
                            "client_profiles.#": "1",
                            "client_profiles.495344871": "/Common/intranetSSL",
                            "destination": "10.33.7.23",
                            "fallback_persistence_profile": "",
                            "id": "/Common/intranet_https",
                            "ip_protocol": "tcp",
                            "irules.#": "0",
                            "mask": "255.255.255.255",
                            "name": "/Common/intranet_https",
                            "persistence_profiles.#": "0",
                            "policies.#": "0",
                            "pool": "/Common/intraPool",
                            "port": "443",
                            "profiles.#": "2",
                            "profiles.1139270267": "/Common/tcp",
                            "profiles.576276785": "/Common/http",
                            "server_profiles.#": "0",
                            "snatpool": "",
                            "source": "0.0.0.0/0",
                            "source_address_translation": "automap",
                            "translate_address": "enabled",
                            "translate_port": "enabled",
                            "vlans.#": "0",
                            "vlans_enabled": "false"
                        },
                        "meta": {},
                        "tainted": false
                    },
                    "deposed": [],
                    "provider": "provider.bigip"
                }
            },
            "depends_on": []
        }
    ]
}
