{
    "version": 3,
    "terraform_version": "0.11.10",
    "serial": 9,
    "lineage": "74356faf-edae-f58a-0ed4-cb7b92d8d679",
    "modules": [
        {
            "path": [
                "root"
            ],
            "outputs": {},
            "resources": {
                "bigip_ltm_monitor.www-static-content": {
                    "type": "bigip_ltm_monitor",
                    "depends_on": [],
                    "primary": {
                        "id": "/Common/http_monitor_8080",
                        "attributes": {
                            "defaults_from": "",
                            "destination": "*:8080",
                            "id": "/Common/http_monitor_8080",
                            "interval": "15",
                            "ip_dscp": "0",
                            "manual_resume": "disabled",
                            "name": "/Common/http_monitor_8080",
                            "parent": "/Common/http",
                            "receive": "",
                            "receive_disable": "",
                            "reverse": "disabled",
                            "send": "GET /serverstatus.html\\r\\n",
                            "time_until_up": "0",
                            "timeout": "46",
                            "transparent": "disabled"
                        },
                        "meta": {},
                        "tainted": false
                    },
                    "deposed": [],
                    "provider": "provider.bigip"
                },
                "bigip_ltm_node.intra1": {
                    "type": "bigip_ltm_node",
                    "depends_on": [],
                    "primary": {
                        "id": "/Common/wwwStatic1",
                        "attributes": {
                            "address": "10.32.11.64",
                            "connection_limit": "0",
                            "dynamic_ratio": "1",
                            "id": "/Common/wwwStatic1",
                            "monitor": "default",
                            "name": "/Common/wwwStatic1",
                            "rate_limit": "disabled",
                            "state": "user-up"
                        },
                        "meta": {},
                        "tainted": false
                    },
                    "deposed": [],
                    "provider": "provider.bigip"
                },
                "bigip_ltm_node.intra2": {
                    "type": "bigip_ltm_node",
                    "depends_on": [],
                    "primary": {
                        "id": "/Common/wwwStatic2",
                        "attributes": {
                            "address": "10.32.11.65",
                            "connection_limit": "0",
                            "dynamic_ratio": "1",
                            "id": "/Common/wwwStatic2",
                            "monitor": "default",
                            "name": "/Common/wwwStatic2",
                            "rate_limit": "disabled",
                            "state": "user-up"
                        },
                        "meta": {},
                        "tainted": false
                    },
                    "deposed": [],
                    "provider": "provider.bigip"
                },
                "bigip_ltm_node.intra3": {
                    "type": "bigip_ltm_node",
                    "depends_on": [],
                    "primary": {
                        "id": "/Common/wwwStatic3",
                        "attributes": {
                            "address": "10.32.11.66",
                            "connection_limit": "0",
                            "dynamic_ratio": "1",
                            "id": "/Common/wwwStatic3",
                            "monitor": "default",
                            "name": "/Common/wwwStatic3",
                            "rate_limit": "disabled",
                            "state": "user-up"
                        },
                        "meta": {},
                        "tainted": false
                    },
                    "deposed": [],
                    "provider": "provider.bigip"
                },
                "bigip_ltm_pool.wwwStaticPool": {
                    "type": "bigip_ltm_pool",
                    "depends_on": [],
                    "primary": {
                        "id": "/Common/wwwStaticPool",
                        "attributes": {
                            "allow_nat": "yes",
                            "allow_snat": "yes",
                            "id": "/Common/wwwStaticPool",
                            "load_balancing_mode": "round-robin",
                            "monitors.#": "1",
                            "monitors.3710963546": "/Common/http_monitor_8080",
                            "name": "/Common/wwwStaticPool",
                            "reselect_tries": "0",
                            "service_down_action": "none",
                            "slow_ramp_time": "10"
                        },
                        "meta": {},
                        "tainted": false
                    },
                    "deposed": [],
                    "provider": "provider.bigip"
                },
                "bigip_ltm_pool_attachment.wwwStatic1": {
                    "type": "bigip_ltm_pool_attachment",
                    "depends_on": [
                        "bigip_ltm_pool.wwwStaticPool"
                    ],
                    "primary": {
                        "id": "/Common/wwwStaticPool-/Common/wwwStatic1:8080",
                        "attributes": {
                            "id": "/Common/wwwStaticPool-/Common/wwwStatic1:8080",
                            "node": "/Common/wwwStatic1:8080",
                            "pool": "/Common/wwwStaticPool"
                        },
                        "meta": {},
                        "tainted": false
                    },
                    "deposed": [],
                    "provider": "provider.bigip"
                },
                "bigip_ltm_pool_attachment.wwwStatic2": {
                    "type": "bigip_ltm_pool_attachment",
                    "depends_on": [
                        "bigip_ltm_pool.wwwStaticPool"
                    ],
                    "primary": {
                        "id": "/Common/wwwStaticPool-/Common/wwwStatic2:8080",
                        "attributes": {
                            "id": "/Common/wwwStaticPool-/Common/wwwStatic2:8080",
                            "node": "/Common/wwwStatic2:8080",
                            "pool": "/Common/wwwStaticPool"
                        },
                        "meta": {},
                        "tainted": false
                    },
                    "deposed": [],
                    "provider": "provider.bigip"
                },
                "bigip_ltm_pool_attachment.wwwStatic3": {
                    "type": "bigip_ltm_pool_attachment",
                    "depends_on": [
                        "bigip_ltm_pool.wwwStaticPool"
                    ],
                    "primary": {
                        "id": "/Common/wwwStaticPool-/Common/wwwStatic3:8080",
                        "attributes": {
                            "id": "/Common/wwwStaticPool-/Common/wwwStatic3:8080",
                            "node": "/Common/wwwStatic3:8080",
                            "pool": "/Common/wwwStaticPool"
                        },
                        "meta": {},
                        "tainted": false
                    },
                    "deposed": [],
                    "provider": "provider.bigip"
                },
                "bigip_ltm_virtual_server.http": {
                    "type": "bigip_ltm_virtual_server",
                    "depends_on": [
                        "bigip_ltm_pool.wwwStaticPool"
                    ],
                    "primary": {
                        "id": "/Common/wwwStatic_http",
                        "attributes": {
                            "client_profiles.#": "0",
                            "destination": "10.33.8.23",
                            "fallback_persistence_profile": "",
                            "id": "/Common/wwwStatic_http",
                            "ip_protocol": "tcp",
                            "irules.#": "0",
                            "mask": "255.255.255.255",
                            "name": "/Common/wwwStatic_http",
                            "persistence_profiles.#": "0",
                            "policies.#": "0",
                            "pool": "/Common/wwwStaticPool",
                            "port": "80",
                            "profiles.#": "2",
                            "profiles.1139270267": "/Common/tcp",
                            "profiles.576276785": "/Common/http",
                            "server_profiles.#": "0",
                            "snatpool": "",
                            "source": "0.0.0.0/0",
                            "source_address_translation": "automap",
                            "translate_address": "enabled",
                            "translate_port": "enabled",
                            "vlans.#": "0",
                            "vlans_enabled": "false"
                        },
                        "meta": {},
                        "tainted": false
                    },
                    "deposed": [],
                    "provider": "provider.bigip"
                },
                "bigip_ltm_virtual_server.https": {
                    "type": "bigip_ltm_virtual_server",
                    "depends_on": [
                        "bigip_ltm_pool.wwwStaticPool"
                    ],
                    "primary": {
                        "id": "/Common/wwwStatic_https",
                        "attributes": {
                            "client_profiles.#": "1",
                            "client_profiles.495344871": "/Common/intranetSSL",
                            "destination": "10.33.8.23",
                            "fallback_persistence_profile": "",
                            "id": "/Common/wwwStatic_https",
                            "ip_protocol": "tcp",
                            "irules.#": "0",
                            "mask": "255.255.255.255",
                            "name": "/Common/wwwStatic_https",
                            "persistence_profiles.#": "0",
                            "policies.#": "0",
                            "pool": "/Common/wwwStaticPool",
                            "port": "443",
                            "profiles.#": "2",
                            "profiles.1139270267": "/Common/tcp",
                            "profiles.576276785": "/Common/http",
                            "server_profiles.#": "0",
                            "snatpool": "",
                            "source": "0.0.0.0/0",
                            "source_address_translation": "automap",
                            "translate_address": "enabled",
                            "translate_port": "enabled",
                            "vlans.#": "0",
                            "vlans_enabled": "false"
                        },
                        "meta": {},
                        "tainted": false
                    },
                    "deposed": [],
                    "provider": "provider.bigip"
                }
            },
            "depends_on": []
        }
    ]
}
